
Microsoft Visual Studio Solution File, Format Version 12.00
# Visual Studio Version 16
VisualStudioVersion = 16.0.31229.75
MinimumVisualStudioVersion = 10.0.40219.1
Project("{FAE04EC0-301F-11D3-BF4B-00C04F79EFBC}") = "devicemonitoring", "devicemonitoring.csproj", "{90F33E24-DC8E-419F-BA6E-7432EAAA1E16}"
EndProject
Global
	GlobalSection(SolutionConfigurationPlatforms) = preSolution
		Debug|Any CPU = Debug|Any CPU
		Release|Any CPU = Release|Any CPU
	EndGlobalSection
	GlobalSection(ProjectConfigurationPlatforms) = postSolution
		{90F33E24-DC8E-419F-BA6E-7432EAAA1E16}.Debug|Any CPU.ActiveCfg = Debug|Any CPU
		{90F33E24-DC8E-419F-BA6E-7432EAAA1E16}.Debug|Any CPU.Build.0 = Debug|Any CPU
		{90F33E24-DC8E-419F-BA6E-7432EAAA1E16}.Release|Any CPU.ActiveCfg = Release|Any CPU
		{90F33E24-DC8E-419F-BA6E-7432EAAA1E16}.Release|Any CPU.Build.0 = Release|Any CPU
	EndGlobalSection
	GlobalSection(SolutionProperties) = preSolution
		HideSolutionNode = FALSE
	EndGlobalSection
	GlobalSection(ExtensibilityGlobals) = postSolution
		SolutionGuid = {237BA2B3-0AEE-4B79-810B-286BF0A8B990}
	EndGlobalSection
EndGlobal
